// !$*UTF8*$!
{
	archiveVersion = 1;
	classes = {
	};
	objectVersion = 46;
	objects = {

/* Begin PBXBuildFile section */
		F2F80B911CB4B0CA004BE556 /* AppDelegate.swift in Sources */ = {isa = PBXBuildFile; fileRef = F2F80B901CB4B0CA004BE556 /* AppDelegate.swift */; };
		F2F80B931CB4B0CA004BE556 /* ViewController.swift in Sources */ = {isa = PBXBuildFile; fileRef = F2F80B921CB4B0CA004BE556 /* ViewController.swift */; };
		F2F80B961CB4B0CA004BE556 /* Main.storyboard in Resources */ = {isa = PBXBuildFile; fileRef = F2F80B941CB4B0CA004BE556 /* Main.storyboard */; };
		F2F80B991CB4B0CA004BE556 /* LanchScreen.xcdatamodeld in Sources */ = {isa = PBXBuildFile; fileRef = F2F80B971CB4B0CA004BE556 /* LanchScreen.xcdatamodeld */; };
		F2F80B9B1CB4B0CA004BE556 /* Assets.xcassets in Resources */ = {isa = PBXBuildFile; fileRef = F2F80B9A1CB4B0CA004BE556 /* Assets.xcassets */; };
		F2F80B9E1CB4B0CA004BE556 /* LaunchScreen.storyboard in Resources */ = {isa = PBXBuildFile; fileRef = F2F80B9C1CB4B0CA004BE556 /* LaunchScreen.storyboard */; };
		F2F80BA91CB4B0CA004BE556 /* LanchScreenTests.swift in Sources */ = {isa = PBXBuildFile; fileRef = F2F80BA81CB4B0CA004BE556 /* LanchScreenTests.swift */; };
		F2F80BB41CB4B0CA004BE556 /* LanchScreenUITests.swift in Sources */ = {isa = PBXBuildFile; fileRef = F2F80BB31CB4B0CA004BE556 /* LanchScreenUITests.swift */; };
/* End PBXBuildFile section */

/* Begin PBXContainerItemProxy section */
		F2F80BA51CB4B0CA004BE556 /* PBXContainerItemProxy */ = {
			isa = PBXContainerItemProxy;
			containerPortal = F2F80B851CB4B0CA004BE556 /* Project object */;
			proxyType = 1;
			remoteGlobalIDString = F2F80B8C1CB4B0CA004BE556;
			remoteInfo = LanchScreen;
		};
		F2F80BB01CB4B0CA004BE556 /* PBXContainerItemProxy */ = {
			isa = PBXContainerItemProxy;
			containerPortal = F2F80B851CB4B0CA004BE556 /* Project object */;
			proxyType = 1;
			remoteGlobalIDString = F2F80B8C1CB4B0CA004BE556;
			remoteInfo = LanchScreen;
		};
/* End PBXContainerItemProxy section */

/* Begin PBXFileReference section */
		F2F80B8D1CB4B0CA004BE556 /* LanchScreen.app */ = {isa = PBXFileReference; explicitFileType = wrapper.application; includeInIndex = 0; path = LanchScreen.app; sourceTree = BUILT_PRODUCTS_DIR; };
		F2F80B901CB4B0CA004BE556 /* AppDelegate.swift */ = {isa = PBXFileReference; lastKnownFileType = sourcecode.swift; path = AppDelegate.swift; sourceTree = "<group>"; };
		F2F80B921CB4B0CA004BE556 /* ViewController.swift */ = {isa = PBXFileReference; lastKnownFileType = sourcecode.swift; path = ViewController.swift; sourceTree = "<group>"; };
		F2F80B951CB4B0CA004BE556 /* Base */ = {isa = PBXFileReference; lastKnownFileType = file.storyboard; name = Base; path = Base.lproj/Main.storyboard; sourceTree = "<group>"; };
		F2F80B981CB4B0CA004BE556 /* LanchScreen.xcdatamodel */ = {isa = PBXFileReference; lastKnownFileType = wrapper.xcdatamodel; path = LanchScreen.xcdatamodel; sourceTree = "<group>"; };
		F2F80B9A1CB4B0CA004BE556 /* Assets.xcassets */ = {isa = PBXFileReference; lastKnownFileType = folder.assetcatalog; path = Assets.xcassets; sourceTree = "<group>"; };
		F2F80B9D1CB4B0CA004BE556 /* Base */ = {isa = PBXFileReference; lastKnownFileType = file.storyboard; name = Base; path = Base.lproj/LaunchScreen.storyboard; sourceTree = "<group>"; };
		F2F80B9F1CB4B0CA004BE556 /* Info.plist */ = {isa = PBXFileReference; lastKnownFileType = text.plist.xml; path = Info.plist; sourceTree = "<group>"; };
		F2F80BA41CB4B0CA004BE556 /* LanchScreenTests.xctest */ = {isa = PBXFileReference; explicitFileType = wrapper.cfbundle; includeInIndex = 0; path = LanchScreenTests.xctest; sourceTree = BUILT_PRODUCTS_DIR; };
		F2F80BA81CB4B0CA004BE556 /* LanchScreenTests.swift */ = {isa = PBXFileReference; lastKnownFileType = sourcecode.swift; path = LanchScreenTests.swift; sourceTree = "<group>"; };
		F2F80BAA1CB4B0CA004BE556 /* Info.plist */ = {isa = PBXFileReference; lastKnownFileType = text.plist.xml; path = Info.plist; sourceTree = "<group>"; };
		F2F80BAF1CB4B0CA004BE556 /* LanchScreenUITests.xctest */ = {isa = PBXFileReference; explicitFileType = wrapper.cfbundle; includeInIndex = 0; path = LanchScreenUITests.xctest; sourceTree = BUILT_PRODUCTS_DIR; };
		F2F80BB31CB4B0CA004BE556 /* LanchScreenUITests.swift */ = {isa = PBXFileReference; lastKnownFileType = sourcecode.swift; path = LanchScreenUITests.swift; sourceTree = "<group>"; };
		F2F80BB51CB4B0CA004BE556 /* Info.plist */ = {isa = PBXFileReference; lastKnownFileType = text.plist.xml; path = Info.plist; sourceTree = "<group>"; };
/* End PBXFileReference section */

/* Begin PBXFrameworksBuildPhase section */
		F2F80B8A1CB4B0CA004BE556 /* Frameworks */ = {
			isa = PBXFrameworksBuildPhase;
			buildActionMask = 2147483647;
			files = (
			);
			runOnlyForDeploymentPostprocessing = 0;
		};
		F2F80BA11CB4B0CA004BE556 /* Frameworks */ = {
			isa = PBXFrameworksBuildPhase;
			buildActionMask = 2147483647;
			files = (
			);
			runOnlyForDeploymentPostprocessing = 0;
		};
		F2F80BAC1CB4B0CA004BE556 /* Frameworks */ = {
			isa = PBXFrameworksBuildPhase;
			buildActionMask = 2147483647;
			files = (
			);
			runOnlyForDeploymentPostprocessing = 0;
		};
/* End PBXFrameworksBuildPhase section */

/* Begin PBXGroup section */
		F2F80B841CB4B0CA004BE556 = {
			isa = PBXGroup;
			children = (
				F2F80B8F1CB4B0CA004BE556 /* LanchScreen */,
				F2F80BA71CB4B0CA004BE556 /* LanchScreenTests */,
				F2F80BB21CB4B0CA004BE556 /* LanchScreenUITests */,
				F2F80B8E1CB4B0CA004BE556 /* Products */,
			);
			sourceTree = "<group>";
		};
		F2F80B8E1CB4B0CA004BE556 /* Products */ = {
			isa = PBXGroup;
			children = (
				F2F80B8D1CB4B0CA004BE556 /* LanchScreen.app */,
				F2F80BA41CB4B0CA004BE556 /* LanchScreenTests.xctest */,
				F2F80BAF1CB4B0CA004BE556 /* LanchScreenUITests.xctest */,
			);
			name = Products;
			sourceTree = "<group>";
		};
		F2F80B8F1CB4B0CA004BE556 /* LanchScreen */ = {
			isa = PBXGroup;
			children = (
				F2F80B901CB4B0CA004BE556 /* AppDelegate.swift */,
				F2F80B921CB4B0CA004BE556 /* ViewController.swift */,
				F2F80B941CB4B0CA004BE556 /* Main.storyboard */,
				F2F80B9A1CB4B0CA004BE556 /* Assets.xcassets */,
				F2F80B9C1CB4B0CA004BE556 /* LaunchScreen.storyboard */,
				F2F80B9F1CB4B0CA004BE556 /* Info.plist */,
				F2F80B971CB4B0CA004BE556 /* LanchScreen.xcdatamodeld */,
			);
			path = LanchScreen;
			sourceTree = "<group>";
		};
		F2F80BA71CB4B0CA004BE556 /* LanchScreenTests */ = {
			isa = PBXGroup;
			children = (
				F2F80BA81CB4B0CA004BE556 /* LanchScreenTests.swift */,
				F2F80BAA1CB4B0CA004BE556 /* Info.plist */,
			);
			path = LanchScreenTests;
			sourceTree = "<group>";
		};
		F2F80BB21CB4B0CA004BE556 /* LanchScreenUITests */ = {
			isa = PBXGroup;
			children = (
				F2F80BB31CB4B0CA004BE556 /* LanchScreenUITests.swift */,
				F2F80BB51CB4B0CA004BE556 /* Info.plist */,
			);
			path = LanchScreenUITests;
			sourceTree = "<group>";
		};
/* End PBXGroup section */

/* Begin PBXNativeTarget section */
		F2F80B8C1CB4B0CA004BE556 /* LanchScreen */ = {
			isa = PBXNativeTarget;
			buildConfigurationList = F2F80BB81CB4B0CA004BE556 /* Build configuration list for PBXNativeTarget "LanchScreen" */;
			buildPhases = (
				F2F80B891CB4B0CA004BE556 /* Sources */,
				F2F80B8A1CB4B0CA004BE556 /* Frameworks */,
				F2F80B8B1CB4B0CA004BE556 /* Resources */,
			);
			buildRules = (
			);
			dependencies = (
			);
			name = LanchScreen;
			productName = LanchScreen;
			productReference = F2F80B8D1CB4B0CA004BE556 /* LanchScreen.app */;
			productType = "com.apple.product-type.application";
		};
		F2F80BA31CB4B0CA004BE556 /* LanchScreenTests */ = {
			isa = PBXNativeTarget;
			buildConfigurationList = F2F80BBB1CB4B0CA004BE556 /* Build configuration list for PBXNativeTarget "LanchScreenTests" */;
			buildPhases = (
				F2F80BA01CB4B0CA004BE556 /* Sources */,
				F2F80BA11CB4B0CA004BE556 /* Frameworks */,
				F2F80BA21CB4B0CA004BE556 /* Resources */,
			);
			buildRules = (
			);
			dependencies = (
				F2F80BA61CB4B0CA004BE556 /* PBXTargetDependency */,
			);
			name = LanchScreenTests;
			productName = LanchScreenTests;
			productReference = F2F80BA41CB4B0CA004BE556 /* LanchScreenTests.xctest */;
			productType = "com.apple.product-type.bundle.unit-test";
		};
		F2F80BAE1CB4B0CA004BE556 /* LanchScreenUITests */ = {
			isa = PBXNativeTarget;
			buildConfigurationList = F2F80BBE1CB4B0CA004BE556 /* Build configuration list for PBXNativeTarget "LanchScreenUITests" */;
			buildPhases = (
				F2F80BAB1CB4B0CA004BE556 /* Sources */,
				F2F80BAC1CB4B0CA004BE556 /* Frameworks */,
				F2F80BAD1CB4B0CA004BE556 /* Resources */,
			);
			buildRules = (
			);
			dependencies = (
				F2F80BB11CB4B0CA004BE556 /* PBXTargetDependency */,
			);
			name = LanchScreenUITests;
			productName = LanchScreenUITests;
			productReference = F2F80BAF1CB4B0CA004BE556 /* LanchScreenUITests.xctest */;
			productType = "com.apple.product-type.bundle.ui-testing";
		};
/* End PBXNativeTarget section */

/* Begin PBXProject section */
		F2F80B851CB4B0CA004BE556 /* Project object */ = {
			isa = PBXProject;
			attributes = {
				LastSwiftUpdateCheck = 0730;
				LastUpgradeCheck = 0730;
				ORGANIZATIONNAME = babykang;
				TargetAttributes = {
					F2F80B8C1CB4B0CA004BE556 = {
						CreatedOnToolsVersion = 7.3;
						DevelopmentTeam = 27C5WE967V;
					};
					F2F80BA31CB4B0CA004BE556 = {
						CreatedOnToolsVersion = 7.3;
						DevelopmentTeam = 27C5WE967V;
						TestTargetID = F2F80B8C1CB4B0CA004BE556;
					};
					F2F80BAE1CB4B0CA004BE556 = {
						CreatedOnToolsVersion = 7.3;
						DevelopmentTeam = 27C5WE967V;
						TestTargetID = F2F80B8C1CB4B0CA004BE556;
					};
				};
			};
			buildConfigurationList = F2F80B881CB4B0CA004BE556 /* Build configuration list for PBXProject "LanchScreen" */;
			compatibilityVersion = "Xcode 3.2";
			developmentRegion = English;
			hasScannedForEncodings = 0;
			knownRegions = (
				en,
				Base,
			);
			mainGroup = F2F80B841CB4B0CA004BE556;
			productRefGroup = F2F80B8E1CB4B0CA004BE556 /* Products */;
			projectDirPath = "";
			projectRoot = "";
			targets = (
				F2F80B8C1CB4B0CA004BE556 /* LanchScreen */,
				F2F80BA31CB4B0CA004BE556 /* LanchScreenTests */,
				F2F80BAE1CB4B0CA004BE556 /* LanchScreenUITests */,
			);
		};
/* End PBXProject section */

/* Begin PBXResourcesBuildPhase section */
		F2F80B8B1CB4B0CA004BE556 /* Resources */ = {
			isa = PBXResourcesBuildPhase;
			buildActionMask = 2147483647;
			files = (
				F2F80B9E1CB4B0CA004BE556 /* LaunchScreen.storyboard in Resources */,
				F2F80B9B1CB4B0CA004BE556 /* Assets.xcassets in Resources */,
				F2F80B961CB4B0CA004BE556 /* Main.storyboard in Resources */,
			);
			runOnlyForDeploymentPostprocessing = 0;
		};
		F2F80BA21CB4B0CA004BE556 /* Resources */ = {
			isa = PBXResourcesBuildPhase;
			buildActionMask = 2147483647;
			files = (
			);
			runOnlyForDeploymentPostprocessing = 0;
		};
		F2F80BAD1CB4B0CA004BE556 /* Resources */ = {
			isa = PBXResourcesBuildPhase;
			buildActionMask = 2147483647;
			files = (
			);
			runOnlyForDeploymentPostprocessing = 0;
		};
/* End PBXResourcesBuildPhase section */

/* Begin PBXSourcesBuildPhase section */
		F2F80B891CB4B0CA004BE556 /* Sources */ = {
			isa = PBXSourcesBuildPhase;
			buildActionMask = 2147483647;
			files = (
				F2F80B931CB4B0CA004BE556 /* ViewController.swift in Sources */,
				F2F80B911CB4B0CA004BE556 /* AppDelegate.swift in Sources */,
				F2F80B991CB4B0CA004BE556 /* LanchScreen.xcdatamodeld in Sources */,
			);
			runOnlyForDeploymentPostprocessing = 0;
		};
		F2F80BA01CB4B0CA004BE556 /* Sources */ = {
			isa = PBXSourcesBuildPhase;
			buildActionMask = 2147483647;
			files = (
				F2F80BA91CB4B0CA004BE556 /* LanchScreenTests.swift in Sources */,
			);
			runOnlyForDeploymentPostprocessing = 0;
		};
		F2F80BAB1CB4B0CA004BE556 /* Sources */ = {
			isa = PBXSourcesBuildPhase;
			buildActionMask = 2147483647;
			files = (
				F2F80BB41CB4B0CA004BE556 /* LanchScreenUITests.swift in Sources */,
			);
			runOnlyForDeploymentPostprocessing = 0;
		};
/* End PBXSourcesBuildPhase section */

/* Begin PBXTargetDependency section */
		F2F80BA61CB4B0CA004BE556 /* PBXTargetDependency */ = {
			isa = PBXTargetDependency;
			target = F2F80B8C1CB4B0CA004BE556 /* LanchScreen */;
			targetProxy = F2F80BA51CB4B0CA004BE556 /* PBXContainerItemProxy */;
		};
		F2F80BB11CB4B0CA004BE556 /* PBXTargetDependency */ = {
			isa = PBXTargetDependency;
			target = F2F80B8C1CB4B0CA004BE556 /* LanchScreen */;
			targetProxy = F2F80BB01CB4B0CA004BE556 /* PBXContainerItemProxy */;
		};
/* End PBXTargetDependency section */

/* Begin PBXVariantGroup section */
		F2F80B941CB4B0CA004BE556 /* Main.storyboard */ = {
			isa = PBXVariantGroup;
			children = (
				F2F80B951CB4B0CA004BE556 /* Base */,
			);
			name = Main.storyboard;
			sourceTree = "<group>";
		};
		F2F80B9C1CB4B0CA004BE556 /* LaunchScreen.storyboard */ = {
			isa = PBXVariantGroup;
			children = (
				F2F80B9D1CB4B0CA004BE556 /* Base */,
			);
			name = LaunchScreen.storyboard;
			sourceTree = "<group>";
		};
/* End PBXVariantGroup section */

/* Begin XCBuildConfiguration section */
		F2F80BB61CB4B0CA004BE556 /* Debug */ = {
			isa = XCBuildConfiguration;
			buildSettings = {
				ALWAYS_SEARCH_USER_PATHS = NO;
				CLANG_ANALYZER_NONNULL = YES;
				CLANG_CXX_LANGUAGE_STANDARD = "gnu++0x";
				CLANG_CXX_LIBRARY = "libc++";
				CLANG_ENABLE_MODULES = YES;
				CLANG_ENABLE_OBJC_ARC = YES;
				CLANG_WARN_BOOL_CONVERSION = YES;
				CLANG_WARN_CONSTANT_CONVERSION = YES;
				CLANG_WARN_DIRECT_OBJC_ISA_USAGE = YES_ERROR;
				CLANG_WARN_EMPTY_BODY = YES;
				CLANG_WARN_ENUM_CONVERSION = YES;
				CLANG_WARN_INT_CONVERSION = YES;
				CLANG_WARN_OBJC_ROOT_CLASS = YES_ERROR;
				CLANG_WARN_UNREACHABLE_CODE = YES;
				CLANG_WARN__DUPLICATE_METHOD_MATCH = YES;
				"CODE_SIGN_IDENTITY[sdk=iphoneos*]" = "iPhone Developer";
				COPY_PHASE_STRIP = NO;
				DEBUG_INFORMATION_FORMAT = dwarf;
				ENABLE_STRICT_OBJC_MSGSEND = YES;
				ENABLE_TESTABILITY = YES;
				GCC_C_LANGUAGE_STANDARD = gnu99;
				GCC_DYNAMIC_NO_PIC = NO;
				GCC_NO_COMMON_BLOCKS = YES;
				GCC_OPTIMIZATION_LEVEL = 0;
				GCC_PREPROCESSOR_DEFINITIONS = (
					"DEBUG=1",
					"$(inherited)",
				);
				GCC_WARN_64_TO_32_BIT_CONVERSION = YES;
				GCC_WARN_ABOUT_RETURN_TYPE = YES_ERROR;
				GCC_WARN_UNDECLARED_SELECTOR = YES;
				GCC_WARN_UNINITIALIZED_AUTOS = YES_AGGRESSIVE;
				GCC_WARN_UNUSED_FUNCTION = YES;
				GCC_WARN_UNUSED_VARIABLE = YES;
				IPHONEOS_DEPLOYMENT_TARGET = 9.3;
				MTL_ENABLE_DEBUG_INFO = YES;
				ONLY_ACTIVE_ARCH = YES;
				SDKROOT = iphoneos;
				SWIFT_OPTIMIZATION_LEVEL = "-Onone";
			};
			name = Debug;
		};
		F2F80BB71CB4B0CA004BE556 /* Release */ = {
			isa = XCBuildConfiguration;
			buildSettings = {
				ALWAYS_SEARCH_USER_PATHS = NO;
				CLANG_ANALYZER_NONNULL = YES;
				CLANG_CXX_LANGUAGE_STANDARD = "gnu++0x";
				CLANG_CXX_LIBRARY = "libc++";
				CLANG_ENABLE_MODULES = YES;
				CLANG_ENABLE_OBJC_ARC = YES;
				CLANG_WARN_BOOL_CONVERSION = YES;
				CLANG_WARN_CONSTANT_CONVERSION = YES;
				CLANG_WARN_DIRECT_OBJC_ISA_USAGE = YES_ERROR;
				CLANG_WARN_EMPTY_BODY = YES;
				CLANG_WARN_ENUM_CONVERSION = YES;
				CLANG_WARN_INT_CONVERSION = YES;
				CLANG_WARN_OBJC_ROOT_CLASS = YES_ERROR;
				CLANG_WARN_UNREACHABLE_CODE = YES;
				CLANG_WARN__DUPLICATE_METHOD_MATCH = YES;
				"CODE_SIGN_IDENTITY[sdk=iphoneos*]" = "iPhone Developer";
				COPY_PHASE_STRIP = NO;
				DEBUG_INFORMATION_FORMAT = "dwarf-with-dsym";
				ENABLE_NS_ASSERTIONS = NO;
				ENABLE_STRICT_OBJC_MSGSEND = YES;
				GCC_C_LANGUAGE_STANDARD = gnu99;
				GCC_NO_COMMON_BLOCKS = YES;
				GCC_WARN_64_TO_32_BIT_CONVERSION = YES;
				GCC_WARN_ABOUT_RETURN_TYPE = YES_ERROR;
				GCC_WARN_UNDECLARED_SELECTOR = YES;
				GCC_WARN_UNINITIALIZED_AUTOS = YES_AGGRESSIVE;
				GCC_WARN_UNUSED_FUNCTION = YES;
				GCC_WARN_UNUSED_VARIABLE = YES;
				IPHONEOS_DEPLOYMENT_TARGET = 9.3;
				MTL_ENABLE_DEBUG_INFO = NO;
				SDKROOT = iphoneos;
				VALIDATE_PRODUCT = YES;
			};
			name = Release;
		};
		F2F80BB91CB4B0CA004BE556 /* Debug */ = {
			isa = XCBuildConfiguration;
			buildSettings = {
				ASSETCATALOG_COMPILER_APPICON_NAME = AppIcon;
				INFOPLIST_FILE = LanchScreen/Info.plist;
				LD_RUNPATH_SEARCH_PATHS = "$(inherited) @executable_path/Frameworks";
				PRODUCT_BUNDLE_IDENTIFIER = com.wangkang0801.LanchScreen;
				PRODUCT_NAME = "$(TARGET_NAME)";
			};
			name = Debug;
		};
		F2F80BBA1CB4B0CA004BE556 /* Release */ = {
			isa = XCBuildConfiguration;
			buildSettings = {
				ASSETCATALOG_COMPILER_APPICON_NAME = AppIcon;
				INFOPLIST_FILE = LanchScreen/Info.plist;
				LD_RUNPATH_SEARCH_PATHS = "$(inherited) @executable_path/Frameworks";
				PRODUCT_BUNDLE_IDENTIFIER = com.wangkang0801.LanchScreen;
				PRODUCT_NAME = "$(TARGET_NAME)";
			};
			name = Release;
		};
		F2F80BBC1CB4B0CA004BE556 /* Debug */ = {
			isa = XCBuildConfiguration;
			buildSettings = {
				BUNDLE_LOADER = "$(TEST_HOST)";
				INFOPLIST_FILE = LanchScreenTests/Info.plist;
				LD_RUNPATH_SEARCH_PATHS = "$(inherited) @executable_path/Frameworks @loader_path/Frameworks";
				PRODUCT_BUNDLE_IDENTIFIER = com.wangkang0801.LanchScreenTests;
				PRODUCT_NAME = "$(TARGET_NAME)";
				TEST_HOST = "$(BUILT_PRODUCTS_DIR)/LanchScreen.app/LanchScreen";
			};
			name = Debug;
		};
		F2F80BBD1CB4B0CA004BE556 /* Release */ = {
			isa = XCBuildConfiguration;
			buildSettings = {
				BUNDLE_LOADER = "$(TEST_HOST)";
				INFOPLIST_FILE = LanchScreenTests/Info.plist;
				LD_RUNPATH_SEARCH_PATHS = "$(inherited) @executable_path/Frameworks @loader_path/Frameworks";
				PRODUCT_BUNDLE_IDENTIFIER = com.wangkang0801.LanchScreenTests;
				PRODUCT_NAME = "$(TARGET_NAME)";
				TEST_HOST = "$(BUILT_PRODUCTS_DIR)/LanchScreen.app/LanchScreen";
			};
			name = Release;
		};
		F2F80BBF1CB4B0CA004BE556 /* Debug */ = {
			isa = XCBuildConfiguration;
			buildSettings = {
				INFOPLIST_FILE = LanchScreenUITests/Info.plist;
				LD_RUNPATH_SEARCH_PATHS = "$(inherited) @executable_path/Frameworks @loader_path/Frameworks";
				PRODUCT_BUNDLE_IDENTIFIER = com.wangkang0801.LanchScreenUITests;
				PRODUCT_NAME = "$(TARGET_NAME)";
				TEST_TARGET_NAME = LanchScreen;
			};
			name = Debug;
		};
		F2F80BC01CB4B0CA004BE556 /* Release */ = {
			isa = XCBuildConfiguration;
			buildSettings = {
				INFOPLIST_FILE = LanchScreenUITests/Info.plist;
				LD_RUNPATH_SEARCH_PATHS = "$(inherited) @executable_path/Frameworks @loader_path/Frameworks";
				PRODUCT_BUNDLE_IDENTIFIER = com.wangkang0801.LanchScreenUITests;
				PRODUCT_NAME = "$(TARGET_NAME)";
				TEST_TARGET_NAME = LanchScreen;
			};
			name = Release;
		};
/* End XCBuildConfiguration section */

/* Begin XCConfigurationList section */
		F2F80B881CB4B0CA004BE556 /* Build configuration list for PBXProject "LanchScreen" */ = {
			isa = XCConfigurationList;
			buildConfigurations = (
				F2F80BB61CB4B0CA004BE556 /* Debug */,
				F2F80BB71CB4B0CA004BE556 /* Release */,
			);
			defaultConfigurationIsVisible = 0;
			defaultConfigurationName = Release;
		};
		F2F80BB81CB4B0CA004BE556 /* Build configuration list for PBXNativeTarget "LanchScreen" */ = {
			isa = XCConfigurationList;
			buildConfigurations = (
				F2F80BB91CB4B0CA004BE556 /* Debug */,
				F2F80BBA1CB4B0CA004BE556 /* Release */,
			);
			defaultConfigurationIsVisible = 0;
			defaultConfigurationName = Release;
		};
		F2F80BBB1CB4B0CA004BE556 /* Build configuration list for PBXNativeTarget "LanchScreenTests" */ = {
			isa = XCConfigurationList;
			buildConfigurations = (
				F2F80BBC1CB4B0CA004BE556 /* Debug */,
				F2F80BBD1CB4B0CA004BE556 /* Release */,
			);
			defaultConfigurationIsVisible = 0;
			defaultConfigurationName = Release;
		};
		F2F80BBE1CB4B0CA004BE556 /* Build configuration list for PBXNativeTarget "LanchScreenUITests" */ = {
			isa = XCConfigurationList;
			buildConfigurations = (
				F2F80BBF1CB4B0CA004BE556 /* Debug */,
				F2F80BC01CB4B0CA004BE556 /* Release */,
			);
			defaultConfigurationIsVisible = 0;
			defaultConfigurationName = Release;
		};
/* End XCConfigurationList section */

/* Begin XCVersionGroup section */
		F2F80B971CB4B0CA004BE556 /* LanchScreen.xcdatamodeld */ = {
			isa = XCVersionGroup;
			children = (
				F2F80B981CB4B0CA004BE556 /* LanchScreen.xcdatamodel */,
			);
			currentVersion = F2F80B981CB4B0CA004BE556 /* LanchScreen.xcdatamodel */;
			path = LanchScreen.xcdatamodeld;
			sourceTree = "<group>";
			versionGroupType = wrapper.xcdatamodel;
		};
/* End XCVersionGroup section */
	};
	rootObject = F2F80B851CB4B0CA004BE556 /* Project object */;
}
